Microsoft Visual Studio Solution File, Format Version 11.00
# Visual Studio 2008

Project("{84B7E809-BB8B-94C7-E5F5-291072D25C24}") = "Team Prototype Project V.5.1 Charmeleon", "Assembly-CSharp-firstpass-vs.csproj", "{2248C503-E10C-2F57-F223-81536999596F}"
EndProject
Project("{84B7E809-BB8B-94C7-E5F5-291072D25C24}") = "Team Prototype Project V.5.1 Charmeleon", "Assembly-CSharp-vs.csproj", "{8DA741D1-1AFE-8D08-B7FA-619B39ADA7FD}"
EndProject
Project("{84B7E809-BB8B-94C7-E5F5-291072D25C24}") = "Team Prototype Project V.5.1 Charmeleon", "Assembly-CSharp-Editor-vs.csproj", "{18F45ADD-60CC-8AB7-4BE1-B479AAF6CB26}"
EndProject
Global
	GlobalSection(SolutionConfigurationPlatforms) = preSolution
		Debug|Any CPU = Debug|Any CPU
		Release|Any CPU = Release|Any CPU
	EndGlobalSection
	GlobalSection(ProjectConfigurationPlatforms) = postSolution
		{2248C503-E10C-2F57-F223-81536999596F}.Debug|Any CPU.ActiveCfg = Debug|Any CPU
		{2248C503-E10C-2F57-F223-81536999596F}.Debug|Any CPU.Build.0 = Debug|Any CPU
		{2248C503-E10C-2F57-F223-81536999596F}.Release|Any CPU.ActiveCfg = Release|Any CPU
		{2248C503-E10C-2F57-F223-81536999596F}.Release|Any CPU.Build.0 = Release|Any CPU
		{8DA741D1-1AFE-8D08-B7FA-619B39ADA7FD}.Debug|Any CPU.ActiveCfg = Debug|Any CPU
		{8DA741D1-1AFE-8D08-B7FA-619B39ADA7FD}.Debug|Any CPU.Build.0 = Debug|Any CPU
		{8DA741D1-1AFE-8D08-B7FA-619B39ADA7FD}.Release|Any CPU.ActiveCfg = Release|Any CPU
		{8DA741D1-1AFE-8D08-B7FA-619B39ADA7FD}.Release|Any CPU.Build.0 = Release|Any CPU
		{18F45ADD-60CC-8AB7-4BE1-B479AAF6CB26}.Debug|Any CPU.ActiveCfg = Debug|Any CPU
		{18F45ADD-60CC-8AB7-4BE1-B479AAF6CB26}.Debug|Any CPU.Build.0 = Debug|Any CPU
		{18F45ADD-60CC-8AB7-4BE1-B479AAF6CB26}.Release|Any CPU.ActiveCfg = Release|Any CPU
		{18F45ADD-60CC-8AB7-4BE1-B479AAF6CB26}.Release|Any CPU.Build.0 = Release|Any CPU
	EndGlobalSection
	GlobalSection(SolutionProperties) = preSolution
		HideSolutionNode = FALSE
	EndGlobalSection
						GlobalSection(MonoDevelopProperties) = preSolution
		StartupItem = Assembly-CSharp.csproj
		Policies = $0
		$0.TextStylePolicy = $1
		$1.inheritsSet = null
		$1.scope = text/x-csharp
		$0.CSharpFormattingPolicy = $2
		$2.inheritsSet = Mono
		$2.inheritsScope = text/x-csharp
		$2.scope = text/x-csharp
		$0.TextStylePolicy = $3
		$3.FileWidth = 120
		$3.TabWidth = 4
		$3.IndentWidth = 4
		$3.EolMarker = Unix
		$3.inheritsSet = Mono
		$3.inheritsScope = text/plain
		$3.scope = text/plain
	EndGlobalSection

EndGlobal
